{
  "requires": true,
  "lockfileVersion": 1,
  "dependencies": {
    "bloom-filter-cpp": {
      "version": "1.2.2",
      "resolved": "https://registry.npmjs.org/bloom-filter-cpp/-/bloom-filter-cpp-1.2.2.tgz",
      "integrity": "sha512-ZqEMFVy05r2IA35Ah8+KUBTg0S5h5iIeiQW7gLiPiF8ysXMC0vI8VkIcxeNX/aGhhVm0YwlE3OG1VOPnY5XmeQ=="
    }
  }
}
